
Microsoft Visual Studio Solution File, Format Version 12.00
# Visual Studio Version 16
VisualStudioVersion = 16.0.32228.343
MinimumVisualStudioVersion = 10.0.40219.1
Project("{FAE04EC0-301F-11D3-BF4B-00C04F79EFBC}") = "com.yedijas.organizer", "com.yedijas.organizer\com.yedijas.organizer.csproj", "{ABD3E37E-B5A4-4E32-AAB3-88A01DF31288}"
EndProject
Project("{FAE04EC0-301F-11D3-BF4B-00C04F79EFBC}") = "com.yedijas.organizer.logic", "com.yedijas.organizer.logic\com.yedijas.organizer.logic.csproj", "{53672B23-D1F7-496B-A879-544385FA2AA6}"
EndProject
Global
	GlobalSection(SolutionConfigurationPlatforms) = preSolution
		Debug|Any CPU = Debug|Any CPU
		Release|Any CPU = Release|Any CPU
	EndGlobalSection
	GlobalSection(ProjectConfigurationPlatforms) = postSolution
		{ABD3E37E-B5A4-4E32-AAB3-88A01DF31288}.Debug|Any CPU.ActiveCfg = Debug|Any CPU
		{ABD3E37E-B5A4-4E32-AAB3-88A01DF31288}.Debug|Any CPU.Build.0 = Debug|Any CPU
		{ABD3E37E-B5A4-4E32-AAB3-88A01DF31288}.Release|Any CPU.ActiveCfg = Release|Any CPU
		{ABD3E37E-B5A4-4E32-AAB3-88A01DF31288}.Release|Any CPU.Build.0 = Release|Any CPU
		{53672B23-D1F7-496B-A879-544385FA2AA6}.Debug|Any CPU.ActiveCfg = Debug|Any CPU
		{53672B23-D1F7-496B-A879-544385FA2AA6}.Debug|Any CPU.Build.0 = Debug|Any CPU
		{53672B23-D1F7-496B-A879-544385FA2AA6}.Release|Any CPU.ActiveCfg = Release|Any CPU
		{53672B23-D1F7-496B-A879-544385FA2AA6}.Release|Any CPU.Build.0 = Release|Any CPU
	EndGlobalSection
	GlobalSection(SolutionProperties) = preSolution
		HideSolutionNode = FALSE
	EndGlobalSection
	GlobalSection(ExtensibilityGlobals) = postSolution
		SolutionGuid = {AA6B813B-67C5-485E-BB39-0D1480EE2429}
	EndGlobalSection
EndGlobal
